# Generated by move; do not edit
# This file should be checked in.

[move]
version = 4

[pinned.mainnet.MoveStdlib]
source = { git = "https://github.com/MystenLabs/sui.git", subdir = "crates/sui-framework/packages/move-stdlib", rev = "85400e2bd37b490fcd057776e700d3fdca643396" }
use_environment = "mainnet"
manifest_digest = "C4FE4C91DE74CBF223B2E380AE40F592177D21870DC2D7EB6227D2D694E05363"
deps = {}

[pinned.mainnet.MoveStdlib_1]
source = { git = "https://github.com/MystenLabs/sui.git", subdir = "crates/sui-framework/packages/move-stdlib", rev = "7565830eeebb96a6ae4a7782fe088c89d8aaaea1" }
use_environment = "mainnet"
manifest_digest = "C4FE4C91DE74CBF223B2E380AE40F592177D21870DC2D7EB6227D2D694E05363"
deps = {}

[pinned.mainnet.Pyth]
source = { git = "https://github.com/Typus-Lab/pyth-crosschain.git", subdir = "target_chains/sui/contracts", rev = "c9d2b637d28a6ef3ba3680a1aca151d913eb0d3c" }
use_environment = "mainnet"
manifest_digest = "4F3FFCB32E8FA074488D89C884E2F9C4A5D0C593149DBDFFEE164A4EF78C2AF1"
deps = { Wormhole = "Wormhole", std = "MoveStdlib", sui = "Sui" }

[pinned.mainnet.Sui]
source = { git = "https://github.com/MystenLabs/sui.git", subdir = "crates/sui-framework/packages/sui-framework", rev = "85400e2bd37b490fcd057776e700d3fdca643396" }
use_environment = "mainnet"
manifest_digest = "CD547CB1ACCE0880C835DAED2D8FFCB91D56C833AE5240D3AA5B918398263195"
deps = { MoveStdlib = "MoveStdlib" }

[pinned.mainnet.SuiSystem]
source = { git = "https://github.com/MystenLabs/sui.git", subdir = "crates/sui-framework/packages/sui-system", rev = "7565830eeebb96a6ae4a7782fe088c89d8aaaea1" }
use_environment = "mainnet"
manifest_digest = "CCBB2DE961DACC94644C65D54E808DEF86BC7E9C42A494D5250CC5F99392E069"
deps = { MoveStdlib = "MoveStdlib_1", Sui = "Sui_1" }

[pinned.mainnet.Sui_1]
source = { git = "https://github.com/MystenLabs/sui.git", subdir = "crates/sui-framework/packages/sui-framework", rev = "7565830eeebb96a6ae4a7782fe088c89d8aaaea1" }
use_environment = "mainnet"
manifest_digest = "CD547CB1ACCE0880C835DAED2D8FFCB91D56C833AE5240D3AA5B918398263195"
deps = { MoveStdlib = "MoveStdlib_1" }

[pinned.mainnet.SupraOracle]
source = { git = "https://github.com/Typus-Lab/dora-interface.git", subdir = "sui/mainnet/supra_holder", rev = "fe47bc501343136ad3b0882767d139d72d777871" }
use_environment = "mainnet"
manifest_digest = "CDD606D609F32BF36A2C06E7DB0E6BBBA82B7EC29C58D217D0AFCED1E87ED550"
deps = { Sui = "Sui_1", supra_validator = "supra_validator" }

[pinned.mainnet.Wormhole]
source = { git = "https://github.com/Typus-Lab/wormhole.git", subdir = "sui/wormhole", rev = "d0c336b57d993c30fc93abd27c2c7faba44f390b" }
use_environment = "mainnet"
manifest_digest = "E41BBD67BE8940D26C79D78B028477EF5B33BA217A1282C78ACB344CF8A5ECF6"
deps = { std = "MoveStdlib", sui = "Sui" }

[pinned.mainnet.lending_core]
source = { root = true }
use_environment = "mainnet"
manifest_digest = "200BD932CE8BB1D02ADB8E4BF7CE55E979B7FD8DFC56F3936302DA2244F71FE4"
deps = { oracle = "oracle", std = "MoveStdlib", sui = "Sui", sui_system = "SuiSystem", volo_liquid_staking = "volo_liquid_staking" }

[pinned.mainnet.oracle]
source = { local = "../oracle" }
use_environment = "mainnet"
manifest_digest = "741050070EBD900C6016D62761E338487BB065B2FA1DCEAB507217F9824D1B75"
deps = { Pyth = "Pyth", SupraOracle = "SupraOracle", std = "MoveStdlib", sui = "Sui" }

[pinned.mainnet.supra_utils]
source = { git = "https://github.com/Typus-Lab/dora-interface.git", subdir = "sui/mainnet/supra_utils", rev = "fe47bc501343136ad3b0882767d139d72d777871" }
use_environment = "mainnet"
manifest_digest = "3876920E3F5449B657525E749B996C31141507452514AF2E259F5441554DCDDF"
deps = { Sui = "Sui_1" }

[pinned.mainnet.supra_validator]
source = { git = "https://github.com/Typus-Lab/dora-interface.git", subdir = "sui/mainnet/supra_validator", rev = "fe47bc501343136ad3b0882767d139d72d777871" }
use_environment = "mainnet"
manifest_digest = "6972115A9F4DCD60D13D7BB34F2D42245F8743B737EA8651F3DF6669BC3D6C93"
deps = { Sui = "Sui_1", supra_utils = "supra_utils" }

[pinned.mainnet.volo_liquid_staking]
source = { local = "../volo_liquid_staking" }
use_environment = "mainnet"
manifest_digest = "5C4524F5794B2CA9282C090E872BA656ED9BB0FE47D6D1AAE5245D259503AD0A"
deps = { std = "MoveStdlib", sui = "Sui", sui_system = "SuiSystem" }
